{
  "name": "sentinel-vision-main",
  "lockfileVersion": 3,
  "requires": true,
  "packages": {
    "": {
      "dependencies": {
        "alegis-root": "file:../../.."
      }
    },
    "../../..": {
      "name": "alegis-root",
      "version": "0.0.1"
    },
    "node_modules/alegis-root": {
      "resolved": "../../..",
      "link": true
    }
  }
}
